// !$*UTF8*$!
{
	archiveVersion = 1;
	classes = {
	};
	objectVersion = 77;
	objects = {

/* Begin PBXContainerItemProxy section */
		57B8405B2DC4E6E300E2CDEE /* PBXContainerItemProxy */ = {
			isa = PBXContainerItemProxy;
			containerPortal = 57B840452DC4E6E200E2CDEE /* Project object */;
			proxyType = 1;
			remoteGlobalIDString = 57B8404C2DC4E6E200E2CDEE;
			remoteInfo = aru;
		};
		57B840652DC4E6E300E2CDEE /* PBXContainerItemProxy */ = {
			isa = PBXContainerItemProxy;
			containerPortal = 57B840452DC4E6E200E2CDEE /* Project object */;
			proxyType = 1;
			remoteGlobalIDString = 57B8404C2DC4E6E200E2CDEE;
			remoteInfo = aru;
		};
/* End PBXContainerItemProxy section */

/* Begin PBXFileReference section */
		57B8404D2DC4E6E200E2CDEE /* aru.app */ = {isa = PBXFileReference; explicitFileType = wrapper.application; includeInIndex = 0; path = aru.app; sourceTree = BUILT_PRODUCTS_DIR; };
		57B8405A2DC4E6E300E2CDEE /* aruTests.xctest */ = {isa = PBXFileReference; explicitFileType = wrapper.cfbundle; includeInIndex = 0; path = aruTests.xctest; sourceTree = BUILT_PRODUCTS_DIR; };
		57B840642DC4E6E300E2CDEE /* aruUITests.xctest */ = {isa = PBXFileReference; explicitFileType = wrapper.cfbundle; includeInIndex = 0; path = aruUITests.xctest; sourceTree = BUILT_PRODUCTS_DIR; };
/* End PBXFileReference section */

/* Begin PBXFileSystemSynchronizedRootGroup section */
		57B8404F2DC4E6E200E2CDEE /* aru */ = {
			isa = PBXFileSystemSynchronizedRootGroup;
			path = aru;
			sourceTree = "<group>";
		};
		57B8405D2DC4E6E300E2CDEE /* aruTests */ = {
			isa = PBXFileSystemSynchronizedRootGroup;
			path = aruTests;
			sourceTree = "<group>";
		};
		57B840672DC4E6E300E2CDEE /* aruUITests */ = {
			isa = PBXFileSystemSynchronizedRootGroup;
			path = aruUITests;
			sourceTree = "<group>";
		};
/* End PBXFileSystemSynchronizedRootGroup section */

/* Begin PBXFrameworksBuildPhase section */
		57B8404A2DC4E6E200E2CDEE /* Frameworks */ = {
			isa = PBXFrameworksBuildPhase;
			buildActionMask = 2147483647;
			files = (
			);
			runOnlyForDeploymentPostprocessing = 0;
		};
		57B840572DC4E6E300E2CDEE /* Frameworks */ = {
			isa = PBXFrameworksBuildPhase;
			buildActionMask = 2147483647;
			files = (
			);
			runOnlyForDeploymentPostprocessing = 0;
		};
		57B840612DC4E6E300E2CDEE /* Frameworks */ = {
			isa = PBXFrameworksBuildPhase;
			buildActionMask = 2147483647;
			files = (
			);
			runOnlyForDeploymentPostprocessing = 0;
		};
/* End PBXFrameworksBuildPhase section */

/* Begin PBXGroup section */
		57B840442DC4E6E200E2CDEE = {
			isa = PBXGroup;
			children = (
				57B8404F2DC4E6E200E2CDEE /* aru */,
				57B8405D2DC4E6E300E2CDEE /* aruTests */,
				57B840672DC4E6E300E2CDEE /* aruUITests */,
				57B8404E2DC4E6E200E2CDEE /* Products */,
			);
			sourceTree = "<group>";
		};
		57B8404E2DC4E6E200E2CDEE /* Products */ = {
			isa = PBXGroup;
			children = (
				57B8404D2DC4E6E200E2CDEE /* aru.app */,
				57B8405A2DC4E6E300E2CDEE /* aruTests.xctest */,
				57B840642DC4E6E300E2CDEE /* aruUITests.xctest */,
			);
			name = Products;
			sourceTree = "<group>";
		};
/* End PBXGroup section */

/* Begin PBXNativeTarget section */
		57B8404C2DC4E6E200E2CDEE /* aru */ = {
			isa = PBXNativeTarget;
			buildConfigurationList = 57B8406E2DC4E6E300E2CDEE /* Build configuration list for PBXNativeTarget "aru" */;
			buildPhases = (
				57B840492DC4E6E200E2CDEE /* Sources */,
				57B8404A2DC4E6E200E2CDEE /* Frameworks */,
				57B8404B2DC4E6E200E2CDEE /* Resources */,
			);
			buildRules = (
			);
			dependencies = (
			);
			fileSystemSynchronizedGroups = (
				57B8404F2DC4E6E200E2CDEE /* aru */,
			);
			name = aru;
			packageProductDependencies = (
			);
			productName = aru;
			productReference = 57B8404D2DC4E6E200E2CDEE /* aru.app */;
			productType = "com.apple.product-type.application";
		};
		57B840592DC4E6E300E2CDEE /* aruTests */ = {
			isa = PBXNativeTarget;
			buildConfigurationList = 57B840712DC4E6E300E2CDEE /* Build configuration list for PBXNativeTarget "aruTests" */;
			buildPhases = (
				57B840562DC4E6E300E2CDEE /* Sources */,
				57B840572DC4E6E300E2CDEE /* Frameworks */,
				57B840582DC4E6E300E2CDEE /* Resources */,
			);
			buildRules = (
			);
			dependencies = (
				57B8405C2DC4E6E300E2CDEE /* PBXTargetDependency */,
			);
			fileSystemSynchronizedGroups = (
				57B8405D2DC4E6E300E2CDEE /* aruTests */,
			);
			name = aruTests;
			packageProductDependencies = (
			);
			productName = aruTests;
			productReference = 57B8405A2DC4E6E300E2CDEE /* aruTests.xctest */;
			productType = "com.apple.product-type.bundle.unit-test";
		};
		57B840632DC4E6E300E2CDEE /* aruUITests */ = {
			isa = PBXNativeTarget;
			buildConfigurationList = 57B840742DC4E6E300E2CDEE /* Build configuration list for PBXNativeTarget "aruUITests" */;
			buildPhases = (
				57B840602DC4E6E300E2CDEE /* Sources */,
				57B840612DC4E6E300E2CDEE /* Frameworks */,
				57B840622DC4E6E300E2CDEE /* Resources */,
			);
			buildRules = (
			);
			dependencies = (
				57B840662DC4E6E300E2CDEE /* PBXTargetDependency */,
			);
			fileSystemSynchronizedGroups = (
				57B840672DC4E6E300E2CDEE /* aruUITests */,
			);
			name = aruUITests;
			packageProductDependencies = (
			);
			productName = aruUITests;
			productReference = 57B840642DC4E6E300E2CDEE /* aruUITests.xctest */;
			productType = "com.apple.product-type.bundle.ui-testing";
		};
/* End PBXNativeTarget section */

/* Begin PBXProject section */
		57B840452DC4E6E200E2CDEE /* Project object */ = {
			isa = PBXProject;
			attributes = {
				BuildIndependentTargetsInParallel = 1;
				LastSwiftUpdateCheck = 1630;
				LastUpgradeCheck = 1630;
				TargetAttributes = {
					57B8404C2DC4E6E200E2CDEE = {
						CreatedOnToolsVersion = 16.3;
					};
					57B840592DC4E6E300E2CDEE = {
						CreatedOnToolsVersion = 16.3;
						TestTargetID = 57B8404C2DC4E6E200E2CDEE;
					};
					57B840632DC4E6E300E2CDEE = {
						CreatedOnToolsVersion = 16.3;
						TestTargetID = 57B8404C2DC4E6E200E2CDEE;
					};
				};
			};
			buildConfigurationList = 57B840482DC4E6E200E2CDEE /* Build configuration list for PBXProject "aru" */;
			developmentRegion = en;
			hasScannedForEncodings = 0;
			knownRegions = (
				en,
				Base,
			);
			mainGroup = 57B840442DC4E6E200E2CDEE;
			minimizedProjectReferenceProxies = 1;
			preferredProjectObjectVersion = 77;
			productRefGroup = 57B8404E2DC4E6E200E2CDEE /* Products */;
			projectDirPath = "";
			projectRoot = "";
			targets = (
				57B8404C2DC4E6E200E2CDEE /* aru */,
				57B840592DC4E6E300E2CDEE /* aruTests */,
				57B840632DC4E6E300E2CDEE /* aruUITests */,
			);
		};
/* End PBXProject section */

/* Begin PBXResourcesBuildPhase section */
		57B8404B2DC4E6E200E2CDEE /* Resources */ = {
			isa = PBXResourcesBuildPhase;
			buildActionMask = 2147483647;
			files = (
			);
			runOnlyForDeploymentPostprocessing = 0;
		};
		57B840582DC4E6E300E2CDEE /* Resources */ = {
			isa = PBXResourcesBuildPhase;
			buildActionMask = 2147483647;
			files = (
			);
			runOnlyForDeploymentPostprocessing = 0;
		};
		57B840622DC4E6E300E2CDEE /* Resources */ = {
			isa = PBXResourcesBuildPhase;
			buildActionMask = 2147483647;
			files = (
			);
			runOnlyForDeploymentPostprocessing = 0;
		};
/* End PBXResourcesBuildPhase section */

/* Begin PBXSourcesBuildPhase section */
		57B840492DC4E6E200E2CDEE /* Sources */ = {
			isa = PBXSourcesBuildPhase;
			buildActionMask = 2147483647;
			files = (
			);
			runOnlyForDeploymentPostprocessing = 0;
		};
		57B840562DC4E6E300E2CDEE /* Sources */ = {
			isa = PBXSourcesBuildPhase;
			buildActionMask = 2147483647;
			files = (
			);
			runOnlyForDeploymentPostprocessing = 0;
		};
		57B840602DC4E6E300E2CDEE /* Sources */ = {
			isa = PBXSourcesBuildPhase;
			buildActionMask = 2147483647;
			files = (
			);
			runOnlyForDeploymentPostprocessing = 0;
		};
/* End PBXSourcesBuildPhase section */

/* Begin PBXTargetDependency section */
		57B8405C2DC4E6E300E2CDEE /* PBXTargetDependency */ = {
			isa = PBXTargetDependency;
			target = 57B8404C2DC4E6E200E2CDEE /* aru */;
			targetProxy = 57B8405B2DC4E6E300E2CDEE /* PBXContainerItemProxy */;
		};
		57B840662DC4E6E300E2CDEE /* PBXTargetDependency */ = {
			isa = PBXTargetDependency;
			target = 57B8404C2DC4E6E200E2CDEE /* aru */;
			targetProxy = 57B840652DC4E6E300E2CDEE /* PBXContainerItemProxy */;
		};
/* End PBXTargetDependency section */

/* Begin XCBuildConfiguration section */
		57B8406C2DC4E6E300E2CDEE /* Debug */ = {
			isa = XCBuildConfiguration;
			buildSettings = {
				ALWAYS_SEARCH_USER_PATHS = NO;
				ASSETCATALOG_COMPILER_GENERATE_SWIFT_ASSET_SYMBOL_EXTENSIONS = YES;
				CLANG_ANALYZER_NONNULL = YES;
				CLANG_ANALYZER_NUMBER_OBJECT_CONVERSION = YES_AGGRESSIVE;
				CLANG_CXX_LANGUAGE_STANDARD = "gnu++20";
				CLANG_ENABLE_MODULES = YES;
				CLANG_ENABLE_OBJC_ARC = YES;
				CLANG_ENABLE_OBJC_WEAK = YES;
				CLANG_WARN_BLOCK_CAPTURE_AUTORELEASING = YES;
				CLANG_WARN_BOOL_CONVERSION = YES;
				CLANG_WARN_COMMA = YES;
				CLANG_WARN_CONSTANT_CONVERSION = YES;
				CLANG_WARN_DEPRECATED_OBJC_IMPLEMENTATIONS = YES;
				CLANG_WARN_DIRECT_OBJC_ISA_USAGE = YES_ERROR;
				CLANG_WARN_DOCUMENTATION_COMMENTS = YES;
				CLANG_WARN_EMPTY_BODY = YES;
				CLANG_WARN_ENUM_CONVERSION = YES;
				CLANG_WARN_INFINITE_RECURSION = YES;
				CLANG_WARN_INT_CONVERSION = YES;
				CLANG_WARN_NON_LITERAL_NULL_CONVERSION = YES;
				CLANG_WARN_OBJC_IMPLICIT_RETAIN_SELF = YES;
				CLANG_WARN_OBJC_LITERAL_CONVERSION = YES;
				CLANG_WARN_OBJC_ROOT_CLASS = YES_ERROR;
				CLANG_WARN_QUOTED_INCLUDE_IN_FRAMEWORK_HEADER = YES;
				CLANG_WARN_RANGE_LOOP_ANALYSIS = YES;
				CLANG_WARN_STRICT_PROTOTYPES = YES;
				CLANG_WARN_SUSPICIOUS_MOVE = YES;
				CLANG_WARN_UNGUARDED_AVAILABILITY = YES_AGGRESSIVE;
				CLANG_WARN_UNREACHABLE_CODE = YES;
				CLANG_WARN__DUPLICATE_METHOD_MATCH = YES;
				COPY_PHASE_STRIP = NO;
				DEBUG_INFORMATION_FORMAT = dwarf;
				ENABLE_STRICT_OBJC_MSGSEND = YES;
				ENABLE_TESTABILITY = YES;
				ENABLE_USER_SCRIPT_SANDBOXING = YES;
				GCC_C_LANGUAGE_STANDARD = gnu17;
				GCC_DYNAMIC_NO_PIC = NO;
				GCC_NO_COMMON_BLOCKS = YES;
				GCC_OPTIMIZATION_LEVEL = 0;
				GCC_PREPROCESSOR_DEFINITIONS = (
					"DEBUG=1",
					"$(inherited)",
				);
				GCC_WARN_64_TO_32_BIT_CONVERSION = YES;
				GCC_WARN_ABOUT_RETURN_TYPE = YES_ERROR;
				GCC_WARN_UNDECLARED_SELECTOR = YES;
				GCC_WARN_UNINITIALIZED_AUTOS = YES_AGGRESSIVE;
				GCC_WARN_UNUSED_FUNCTION = YES;
				GCC_WARN_UNUSED_VARIABLE = YES;
				IPHONEOS_DEPLOYMENT_TARGET = 18.4;
				LOCALIZATION_PREFERS_STRING_CATALOGS = YES;
				MTL_ENABLE_DEBUG_INFO = INCLUDE_SOURCE;
				MTL_FAST_MATH = YES;
				ONLY_ACTIVE_ARCH = YES;
				SDKROOT = iphoneos;
				SWIFT_ACTIVE_COMPILATION_CONDITIONS = "DEBUG $(inherited)";
				SWIFT_OPTIMIZATION_LEVEL = "-Onone";
			};
			name = Debug;
		};
		57B8406D2DC4E6E300E2CDEE /* Release */ = {
			isa = XCBuildConfiguration;
			buildSettings = {
				ALWAYS_SEARCH_USER_PATHS = NO;
				ASSETCATALOG_COMPILER_GENERATE_SWIFT_ASSET_SYMBOL_EXTENSIONS = YES;
				CLANG_ANALYZER_NONNULL = YES;
				CLANG_ANALYZER_NUMBER_OBJECT_CONVERSION = YES_AGGRESSIVE;
				CLANG_CXX_LANGUAGE_STANDARD = "gnu++20";
				CLANG_ENABLE_MODULES = YES;
				CLANG_ENABLE_OBJC_ARC = YES;
				CLANG_ENABLE_OBJC_WEAK = YES;
				CLANG_WARN_BLOCK_CAPTURE_AUTORELEASING = YES;
				CLANG_WARN_BOOL_CONVERSION = YES;
				CLANG_WARN_COMMA = YES;
				CLANG_WARN_CONSTANT_CONVERSION = YES;
				CLANG_WARN_DEPRECATED_OBJC_IMPLEMENTATIONS = YES;
				CLANG_WARN_DIRECT_OBJC_ISA_USAGE = YES_ERROR;
				CLANG_WARN_DOCUMENTATION_COMMENTS = YES;
				CLANG_WARN_EMPTY_BODY = YES;
				CLANG_WARN_ENUM_CONVERSION = YES;
				CLANG_WARN_INFINITE_RECURSION = YES;
				CLANG_WARN_INT_CONVERSION = YES;
				CLANG_WARN_NON_LITERAL_NULL_CONVERSION = YES;
				CLANG_WARN_OBJC_IMPLICIT_RETAIN_SELF = YES;
				CLANG_WARN_OBJC_LITERAL_CONVERSION = YES;
				CLANG_WARN_OBJC_ROOT_CLASS = YES_ERROR;
				CLANG_WARN_QUOTED_INCLUDE_IN_FRAMEWORK_HEADER = YES;
				CLANG_WARN_RANGE_LOOP_ANALYSIS = YES;
				CLANG_WARN_STRICT_PROTOTYPES = YES;
				CLANG_WARN_SUSPICIOUS_MOVE = YES;
				CLANG_WARN_UNGUARDED_AVAILABILITY = YES_AGGRESSIVE;
				CLANG_WARN_UNREACHABLE_CODE = YES;
				CLANG_WARN__DUPLICATE_METHOD_MATCH = YES;
				COPY_PHASE_STRIP = NO;
				DEBUG_INFORMATION_FORMAT = "dwarf-with-dsym";
				ENABLE_NS_ASSERTIONS = NO;
				ENABLE_STRICT_OBJC_MSGSEND = YES;
				ENABLE_USER_SCRIPT_SANDBOXING = YES;
				GCC_C_LANGUAGE_STANDARD = gnu17;
				GCC_NO_COMMON_BLOCKS = YES;
				GCC_WARN_64_TO_32_BIT_CONVERSION = YES;
				GCC_WARN_ABOUT_RETURN_TYPE = YES_ERROR;
				GCC_WARN_UNDECLARED_SELECTOR = YES;
				GCC_WARN_UNINITIALIZED_AUTOS = YES_AGGRESSIVE;
				GCC_WARN_UNUSED_FUNCTION = YES;
				GCC_WARN_UNUSED_VARIABLE = YES;
				IPHONEOS_DEPLOYMENT_TARGET = 18.4;
				LOCALIZATION_PREFERS_STRING_CATALOGS = YES;
				MTL_ENABLE_DEBUG_INFO = NO;
				MTL_FAST_MATH = YES;
				SDKROOT = iphoneos;
				SWIFT_COMPILATION_MODE = wholemodule;
				VALIDATE_PRODUCT = YES;
			};
			name = Release;
		};
		57B8406F2DC4E6E300E2CDEE /* Debug */ = {
			isa = XCBuildConfiguration;
			buildSettings = {
				ASSETCATALOG_COMPILER_APPICON_NAME = AppIcon;
				ASSETCATALOG_COMPILER_GLOBAL_ACCENT_COLOR_NAME = AccentColor;
				CODE_SIGN_STYLE = Automatic;
				CURRENT_PROJECT_VERSION = 1;
				ENABLE_PREVIEWS = YES;
				GENERATE_INFOPLIST_FILE = YES;
				INFOPLIST_KEY_UIApplicationSceneManifest_Generation = YES;
				INFOPLIST_KEY_UIApplicationSupportsIndirectInputEvents = YES;
				INFOPLIST_KEY_UILaunchScreen_Generation = YES;
				INFOPLIST_KEY_UISupportedInterfaceOrientations_iPad = "UIInterfaceOrientationPortrait UIInterfaceOrientationPortraitUpsideDown UIInterfaceOrientationLandscapeLeft UIInterfaceOrientationLandscapeRight";
				INFOPLIST_KEY_UISupportedInterfaceOrientations_iPhone = "UIInterfaceOrientationPortrait UIInterfaceOrientationLandscapeLeft UIInterfaceOrientationLandscapeRight";
				LD_RUNPATH_SEARCH_PATHS = (
					"$(inherited)",
					"@executable_path/Frameworks",
				);
				MARKETING_VERSION = 1.0;
				PRODUCT_BUNDLE_IDENTIFIER = ko.co.aru.ai.aru;
				PRODUCT_NAME = "$(TARGET_NAME)";
				SWIFT_EMIT_LOC_STRINGS = YES;
				SWIFT_VERSION = 5.0;
				TARGETED_DEVICE_FAMILY = "1,2";
			};
			name = Debug;
		};
		57B840702DC4E6E300E2CDEE /* Release */ = {
			isa = XCBuildConfiguration;
			buildSettings = {
				ASSETCATALOG_COMPILER_APPICON_NAME = AppIcon;
				ASSETCATALOG_COMPILER_GLOBAL_ACCENT_COLOR_NAME = AccentColor;
				CODE_SIGN_STYLE = Automatic;
				CURRENT_PROJECT_VERSION = 1;
				ENABLE_PREVIEWS = YES;
				GENERATE_INFOPLIST_FILE = YES;
				INFOPLIST_KEY_UIApplicationSceneManifest_Generation = YES;
				INFOPLIST_KEY_UIApplicationSupportsIndirectInputEvents = YES;
				INFOPLIST_KEY_UILaunchScreen_Generation = YES;
				INFOPLIST_KEY_UISupportedInterfaceOrientations_iPad = "UIInterfaceOrientationPortrait UIInterfaceOrientationPortraitUpsideDown UIInterfaceOrientationLandscapeLeft UIInterfaceOrientationLandscapeRight";
				INFOPLIST_KEY_UISupportedInterfaceOrientations_iPhone = "UIInterfaceOrientationPortrait UIInterfaceOrientationLandscapeLeft UIInterfaceOrientationLandscapeRight";
				LD_RUNPATH_SEARCH_PATHS = (
					"$(inherited)",
					"@executable_path/Frameworks",
				);
				MARKETING_VERSION = 1.0;
				PRODUCT_BUNDLE_IDENTIFIER = ko.co.aru.ai.aru;
				PRODUCT_NAME = "$(TARGET_NAME)";
				SWIFT_EMIT_LOC_STRINGS = YES;
				SWIFT_VERSION = 5.0;
				TARGETED_DEVICE_FAMILY = "1,2";
			};
			name = Release;
		};
		57B840722DC4E6E300E2CDEE /* Debug */ = {
			isa = XCBuildConfiguration;
			buildSettings = {
				BUNDLE_LOADER = "$(TEST_HOST)";
				CODE_SIGN_STYLE = Automatic;
				CURRENT_PROJECT_VERSION = 1;
				GENERATE_INFOPLIST_FILE = YES;
				IPHONEOS_DEPLOYMENT_TARGET = 18.4;
				MARKETING_VERSION = 1.0;
				PRODUCT_BUNDLE_IDENTIFIER = ko.co.aru.ai.aruTests;
				PRODUCT_NAME = "$(TARGET_NAME)";
				SWIFT_EMIT_LOC_STRINGS = NO;
				SWIFT_VERSION = 5.0;
				TARGETED_DEVICE_FAMILY = "1,2";
				TEST_HOST = "$(BUILT_PRODUCTS_DIR)/aru.app/$(BUNDLE_EXECUTABLE_FOLDER_PATH)/aru";
			};
			name = Debug;
		};
		57B840732DC4E6E300E2CDEE /* Release */ = {
			isa = XCBuildConfiguration;
			buildSettings = {
				BUNDLE_LOADER = "$(TEST_HOST)";
				CODE_SIGN_STYLE = Automatic;
				CURRENT_PROJECT_VERSION = 1;
				GENERATE_INFOPLIST_FILE = YES;
				IPHONEOS_DEPLOYMENT_TARGET = 18.4;
				MARKETING_VERSION = 1.0;
				PRODUCT_BUNDLE_IDENTIFIER = ko.co.aru.ai.aruTests;
				PRODUCT_NAME = "$(TARGET_NAME)";
				SWIFT_EMIT_LOC_STRINGS = NO;
				SWIFT_VERSION = 5.0;
				TARGETED_DEVICE_FAMILY = "1,2";
				TEST_HOST = "$(BUILT_PRODUCTS_DIR)/aru.app/$(BUNDLE_EXECUTABLE_FOLDER_PATH)/aru";
			};
			name = Release;
		};
		57B840752DC4E6E300E2CDEE /* Debug */ = {
			isa = XCBuildConfiguration;
			buildSettings = {
				CODE_SIGN_STYLE = Automatic;
				CURRENT_PROJECT_VERSION = 1;
				GENERATE_INFOPLIST_FILE = YES;
				MARKETING_VERSION = 1.0;
				PRODUCT_BUNDLE_IDENTIFIER = ko.co.aru.ai.aruUITests;
				PRODUCT_NAME = "$(TARGET_NAME)";
				SWIFT_EMIT_LOC_STRINGS = NO;
				SWIFT_VERSION = 5.0;
				TARGETED_DEVICE_FAMILY = "1,2";
				TEST_TARGET_NAME = aru;
			};
			name = Debug;
		};
		57B840762DC4E6E300E2CDEE /* Release */ = {
			isa = XCBuildConfiguration;
			buildSettings = {
				CODE_SIGN_STYLE = Automatic;
				CURRENT_PROJECT_VERSION = 1;
				GENERATE_INFOPLIST_FILE = YES;
				MARKETING_VERSION = 1.0;
				PRODUCT_BUNDLE_IDENTIFIER = ko.co.aru.ai.aruUITests;
				PRODUCT_NAME = "$(TARGET_NAME)";
				SWIFT_EMIT_LOC_STRINGS = NO;
				SWIFT_VERSION = 5.0;
				TARGETED_DEVICE_FAMILY = "1,2";
				TEST_TARGET_NAME = aru;
			};
			name = Release;
		};
/* End XCBuildConfiguration section */

/* Begin XCConfigurationList section */
		57B840482DC4E6E200E2CDEE /* Build configuration list for PBXProject "aru" */ = {
			isa = XCConfigurationList;
			buildConfigurations = (
				57B8406C2DC4E6E300E2CDEE /* Debug */,
				57B8406D2DC4E6E300E2CDEE /* Release */,
			);
			defaultConfigurationIsVisible = 0;
			defaultConfigurationName = Release;
		};
		57B8406E2DC4E6E300E2CDEE /* Build configuration list for PBXNativeTarget "aru" */ = {
			isa = XCConfigurationList;
			buildConfigurations = (
				57B8406F2DC4E6E300E2CDEE /* Debug */,
				57B840702DC4E6E300E2CDEE /* Release */,
			);
			defaultConfigurationIsVisible = 0;
			defaultConfigurationName = Release;
		};
		57B840712DC4E6E300E2CDEE /* Build configuration list for PBXNativeTarget "aruTests" */ = {
			isa = XCConfigurationList;
			buildConfigurations = (
				57B840722DC4E6E300E2CDEE /* Debug */,
				57B840732DC4E6E300E2CDEE /* Release */,
			);
			defaultConfigurationIsVisible = 0;
			defaultConfigurationName = Release;
		};
		57B840742DC4E6E300E2CDEE /* Build configuration list for PBXNativeTarget "aruUITests" */ = {
			isa = XCConfigurationList;
			buildConfigurations = (
				57B840752DC4E6E300E2CDEE /* Debug */,
				57B840762DC4E6E300E2CDEE /* Release */,
			);
			defaultConfigurationIsVisible = 0;
			defaultConfigurationName = Release;
		};
/* End XCConfigurationList section */
	};
	rootObject = 57B840452DC4E6E200E2CDEE /* Project object */;
}
